
Microsoft Visual Studio Solution File, Format Version 12.00
# Visual Studio Version 17
VisualStudioVersion = 17.4.33103.184
MinimumVisualStudioVersion = 10.0.40219.1
Project("{9A19103F-16F7-4668-BE54-9A1E7A4F7556}") = "Rikitav.IO.ExtensibleFirmware", "Rikitav.IO.ExtensibleFirmware\Rikitav.IO.ExtensibleFirmware.csproj", "{05EE6008-0FA3-4E3F-A82E-4842F24B4E4F}"
EndProject
Project("{FAE04EC0-301F-11D3-BF4B-00C04F79EFBC}") = "Rikitav.IO.ExtensibleFirmware.Tests", "Rikitav.IO.ExtensibleFirmware.Tests\Rikitav.IO.ExtensibleFirmware.Tests.csproj", "{D5E1F19F-AC14-486A-B93C-6575C08D51B6}"
	ProjectSection(ProjectDependencies) = postProject
		{05EE6008-0FA3-4E3F-A82E-4842F24B4E4F} = {05EE6008-0FA3-4E3F-A82E-4842F24B4E4F}
	EndProjectSection
EndProject
Global
	GlobalSection(SolutionConfigurationPlatforms) = preSolution
		Debug|Any CPU = Debug|Any CPU
		Release|Any CPU = Release|Any CPU
	EndGlobalSection
	GlobalSection(ProjectConfigurationPlatforms) = postSolution
		{05EE6008-0FA3-4E3F-A82E-4842F24B4E4F}.Debug|Any CPU.ActiveCfg = Debug|Any CPU
		{05EE6008-0FA3-4E3F-A82E-4842F24B4E4F}.Debug|Any CPU.Build.0 = Debug|Any CPU
		{05EE6008-0FA3-4E3F-A82E-4842F24B4E4F}.Release|Any CPU.ActiveCfg = Release|Any CPU
		{05EE6008-0FA3-4E3F-A82E-4842F24B4E4F}.Release|Any CPU.Build.0 = Release|Any CPU
		{D5E1F19F-AC14-486A-B93C-6575C08D51B6}.Debug|Any CPU.ActiveCfg = Debug|Any CPU
		{D5E1F19F-AC14-486A-B93C-6575C08D51B6}.Debug|Any CPU.Build.0 = Debug|Any CPU
		{D5E1F19F-AC14-486A-B93C-6575C08D51B6}.Release|Any CPU.ActiveCfg = Release|Any CPU
		{D5E1F19F-AC14-486A-B93C-6575C08D51B6}.Release|Any CPU.Build.0 = Release|Any CPU
	EndGlobalSection
	GlobalSection(SolutionProperties) = preSolution
		HideSolutionNode = FALSE
	EndGlobalSection
	GlobalSection(ExtensibilityGlobals) = postSolution
		SolutionGuid = {0378CB96-FFAE-42E8-942D-3842C0EB9AA5}
	EndGlobalSection
EndGlobal
